
Microsoft Visual Studio Solution File, Format Version 12.00
# Visual Studio Version 16
VisualStudioVersion = 16.0.30804.86
MinimumVisualStudioVersion = 10.0.40219.1
Project("{FAE04EC0-301F-11D3-BF4B-00C04F79EFBC}") = "SecretService", "SecretService\SecretService.csproj", "{F2FA365F-ABE4-4CA4-905F-FD82D7F086F4}"
EndProject
Project("{FAE04EC0-301F-11D3-BF4B-00C04F79EFBC}") = "SecretService.Persistence", "SecretService.Persistence\SecretService.Persistence.csproj", "{F691C6DD-305D-455A-8C6B-1BC97DAE5C21}"
EndProject
Global
	GlobalSection(SolutionConfigurationPlatforms) = preSolution
		Debug|Any CPU = Debug|Any CPU
		Release|Any CPU = Release|Any CPU
	EndGlobalSection
	GlobalSection(ProjectConfigurationPlatforms) = postSolution
		{F2FA365F-ABE4-4CA4-905F-FD82D7F086F4}.Debug|Any CPU.ActiveCfg = Debug|Any CPU
		{F2FA365F-ABE4-4CA4-905F-FD82D7F086F4}.Debug|Any CPU.Build.0 = Debug|Any CPU
		{F2FA365F-ABE4-4CA4-905F-FD82D7F086F4}.Release|Any CPU.ActiveCfg = Release|Any CPU
		{F2FA365F-ABE4-4CA4-905F-FD82D7F086F4}.Release|Any CPU.Build.0 = Release|Any CPU
		{F691C6DD-305D-455A-8C6B-1BC97DAE5C21}.Debug|Any CPU.ActiveCfg = Debug|Any CPU
		{F691C6DD-305D-455A-8C6B-1BC97DAE5C21}.Debug|Any CPU.Build.0 = Debug|Any CPU
		{F691C6DD-305D-455A-8C6B-1BC97DAE5C21}.Release|Any CPU.ActiveCfg = Release|Any CPU
		{F691C6DD-305D-455A-8C6B-1BC97DAE5C21}.Release|Any CPU.Build.0 = Release|Any CPU
	EndGlobalSection
	GlobalSection(SolutionProperties) = preSolution
		HideSolutionNode = FALSE
	EndGlobalSection
	GlobalSection(ExtensibilityGlobals) = postSolution
		SolutionGuid = {B60482E4-75B6-4F99-99B8-89964B6EC0AC}
	EndGlobalSection
EndGlobal
